
Microsoft Visual Studio Solution File, Format Version 12.00
# Visual Studio Version 17
VisualStudioVersion = 17.8.34330.188
MinimumVisualStudioVersion = 10.0.40219.1
Project("{FAE04EC0-301F-11D3-BF4B-00C04F79EFBC}") = "UserProvider", "UserProvider\UserProvider.csproj", "{305A39FA-7B4A-46E4-A8CA-DE1FB114BFCF}"
EndProject
Project("{FAE04EC0-301F-11D3-BF4B-00C04F79EFBC}") = "Data", "Data\Data.csproj", "{1195F95C-1FDF-44F2-BD29-CE7CACC22A20}"
EndProject
Global
	GlobalSection(SolutionConfigurationPlatforms) = preSolution
		Debug|Any CPU = Debug|Any CPU
		Release|Any CPU = Release|Any CPU
	EndGlobalSection
	GlobalSection(ProjectConfigurationPlatforms) = postSolution
		{305A39FA-7B4A-46E4-A8CA-DE1FB114BFCF}.Debug|Any CPU.ActiveCfg = Debug|Any CPU
		{305A39FA-7B4A-46E4-A8CA-DE1FB114BFCF}.Debug|Any CPU.Build.0 = Debug|Any CPU
		{305A39FA-7B4A-46E4-A8CA-DE1FB114BFCF}.Release|Any CPU.ActiveCfg = Release|Any CPU
		{305A39FA-7B4A-46E4-A8CA-DE1FB114BFCF}.Release|Any CPU.Build.0 = Release|Any CPU
		{1195F95C-1FDF-44F2-BD29-CE7CACC22A20}.Debug|Any CPU.ActiveCfg = Debug|Any CPU
		{1195F95C-1FDF-44F2-BD29-CE7CACC22A20}.Debug|Any CPU.Build.0 = Debug|Any CPU
		{1195F95C-1FDF-44F2-BD29-CE7CACC22A20}.Release|Any CPU.ActiveCfg = Release|Any CPU
		{1195F95C-1FDF-44F2-BD29-CE7CACC22A20}.Release|Any CPU.Build.0 = Release|Any CPU
	EndGlobalSection
	GlobalSection(SolutionProperties) = preSolution
		HideSolutionNode = FALSE
	EndGlobalSection
	GlobalSection(ExtensibilityGlobals) = postSolution
		SolutionGuid = {D65D8DAA-8CB8-4496-AD84-36B1532D6562}
	EndGlobalSection
EndGlobal
